// !$*UTF8*$!
{
	archiveVersion = 1;
	classes = {
	};
	objectVersion = 50;
	objects = {

/* Begin PBXBuildFile section */
		C26792B924B7374100F7AA87 /* HistoryViewController.swift in Sources */ = {isa = PBXBuildFile; fileRef = C26792B824B7374100F7AA87 /* HistoryViewController.swift */; };
		C26F77F924B47CE5006E9120 /* AppDelegate.swift in Sources */ = {isa = PBXBuildFile; fileRef = C26F77F824B47CE5006E9120 /* AppDelegate.swift */; };
		C26F77FB24B47CE5006E9120 /* SceneDelegate.swift in Sources */ = {isa = PBXBuildFile; fileRef = C26F77FA24B47CE5006E9120 /* SceneDelegate.swift */; };
		C26F77FD24B47CE5006E9120 /* ViewController.swift in Sources */ = {isa = PBXBuildFile; fileRef = C26F77FC24B47CE5006E9120 /* ViewController.swift */; };
		C26F780024B47CE5006E9120 /* Main.storyboard in Resources */ = {isa = PBXBuildFile; fileRef = C26F77FE24B47CE5006E9120 /* Main.storyboard */; };
		C26F780224B47CE8006E9120 /* Assets.xcassets in Resources */ = {isa = PBXBuildFile; fileRef = C26F780124B47CE8006E9120 /* Assets.xcassets */; };
		C26F780524B47CE8006E9120 /* LaunchScreen.storyboard in Resources */ = {isa = PBXBuildFile; fileRef = C26F780324B47CE8006E9120 /* LaunchScreen.storyboard */; };
		DFC6C4E57C43E1BEB842E6A4 /* Pods_MyCalculator.framework in Frameworks */ = {isa = PBXBuildFile; fileRef = 7AAB5C79E66FE0CEBBF55223 /* Pods_MyCalculator.framework */; };
/* End PBXBuildFile section */

/* Begin PBXFileReference section */
		76ED22BAFA998285A7AA1EB3 /* Pods-MyCalculator.debug.xcconfig */ = {isa = PBXFileReference; includeInIndex = 1; lastKnownFileType = text.xcconfig; name = "Pods-MyCalculator.debug.xcconfig"; path = "Target Support Files/Pods-MyCalculator/Pods-MyCalculator.debug.xcconfig"; sourceTree = "<group>"; };
		7AAB5C79E66FE0CEBBF55223 /* Pods_MyCalculator.framework */ = {isa = PBXFileReference; explicitFileType = wrapper.framework; includeInIndex = 0; path = Pods_MyCalculator.framework; sourceTree = BUILT_PRODUCTS_DIR; };
		7D73D8E52900AD18A0F78A57 /* Pods-MyCalculator.release.xcconfig */ = {isa = PBXFileReference; includeInIndex = 1; lastKnownFileType = text.xcconfig; name = "Pods-MyCalculator.release.xcconfig"; path = "Target Support Files/Pods-MyCalculator/Pods-MyCalculator.release.xcconfig"; sourceTree = "<group>"; };
		C26792B824B7374100F7AA87 /* HistoryViewController.swift */ = {isa = PBXFileReference; lastKnownFileType = sourcecode.swift; path = HistoryViewController.swift; sourceTree = "<group>"; };
		C26F77F524B47CE5006E9120 /* MyCalculator.app */ = {isa = PBXFileReference; explicitFileType = wrapper.application; includeInIndex = 0; path = MyCalculator.app; sourceTree = BUILT_PRODUCTS_DIR; };
		C26F77F824B47CE5006E9120 /* AppDelegate.swift */ = {isa = PBXFileReference; lastKnownFileType = sourcecode.swift; path = AppDelegate.swift; sourceTree = "<group>"; };
		C26F77FA24B47CE5006E9120 /* SceneDelegate.swift */ = {isa = PBXFileReference; lastKnownFileType = sourcecode.swift; path = SceneDelegate.swift; sourceTree = "<group>"; };
		C26F77FC24B47CE5006E9120 /* ViewController.swift */ = {isa = PBXFileReference; lastKnownFileType = sourcecode.swift; path = ViewController.swift; sourceTree = "<group>"; };
		C26F77FF24B47CE5006E9120 /* Base */ = {isa = PBXFileReference; lastKnownFileType = file.storyboard; name = Base; path = Base.lproj/Main.storyboard; sourceTree = "<group>"; };
		C26F780124B47CE8006E9120 /* Assets.xcassets */ = {isa = PBXFileReference; lastKnownFileType = folder.assetcatalog; path = Assets.xcassets; sourceTree = "<group>"; };
		C26F780424B47CE8006E9120 /* Base */ = {isa = PBXFileReference; lastKnownFileType = file.storyboard; name = Base; path = Base.lproj/LaunchScreen.storyboard; sourceTree = "<group>"; };
		C26F780624B47CE8006E9120 /* Info.plist */ = {isa = PBXFileReference; lastKnownFileType = text.plist.xml; path = Info.plist; sourceTree = "<group>"; };
/* End PBXFileReference section */

/* Begin PBXFrameworksBuildPhase section */
		C26F77F224B47CE5006E9120 /* Frameworks */ = {
			isa = PBXFrameworksBuildPhase;
			buildActionMask = 2147483647;
			files = (
				DFC6C4E57C43E1BEB842E6A4 /* Pods_MyCalculator.framework in Frameworks */,
			);
			runOnlyForDeploymentPostprocessing = 0;
		};
/* End PBXFrameworksBuildPhase section */

/* Begin PBXGroup section */
		88D7CDED51DDF9BF13601D04 /* Pods */ = {
			isa = PBXGroup;
			children = (
				76ED22BAFA998285A7AA1EB3 /* Pods-MyCalculator.debug.xcconfig */,
				7D73D8E52900AD18A0F78A57 /* Pods-MyCalculator.release.xcconfig */,
			);
			name = Pods;
			path = Pods;
			sourceTree = "<group>";
		};
		BA17B0AF3B89EC64581E2370 /* Frameworks */ = {
			isa = PBXGroup;
			children = (
				7AAB5C79E66FE0CEBBF55223 /* Pods_MyCalculator.framework */,
			);
			name = Frameworks;
			sourceTree = "<group>";
		};
		C26F77EC24B47CE5006E9120 = {
			isa = PBXGroup;
			children = (
				C26F77F724B47CE5006E9120 /* MyCalculator */,
				C26F77F624B47CE5006E9120 /* Products */,
				88D7CDED51DDF9BF13601D04 /* Pods */,
				BA17B0AF3B89EC64581E2370 /* Frameworks */,
			);
			sourceTree = "<group>";
		};
		C26F77F624B47CE5006E9120 /* Products */ = {
			isa = PBXGroup;
			children = (
				C26F77F524B47CE5006E9120 /* MyCalculator.app */,
			);
			name = Products;
			sourceTree = "<group>";
		};
		C26F77F724B47CE5006E9120 /* MyCalculator */ = {
			isa = PBXGroup;
			children = (
				C26F77F824B47CE5006E9120 /* AppDelegate.swift */,
				C26F77FA24B47CE5006E9120 /* SceneDelegate.swift */,
				C26F77FC24B47CE5006E9120 /* ViewController.swift */,
				C26F77FE24B47CE5006E9120 /* Main.storyboard */,
				C26F780124B47CE8006E9120 /* Assets.xcassets */,
				C26F780324B47CE8006E9120 /* LaunchScreen.storyboard */,
				C26F780624B47CE8006E9120 /* Info.plist */,
				C26792B824B7374100F7AA87 /* HistoryViewController.swift */,
			);
			path = MyCalculator;
			sourceTree = "<group>";
		};
/* End PBXGroup section */

/* Begin PBXNativeTarget section */
		C26F77F424B47CE5006E9120 /* MyCalculator */ = {
			isa = PBXNativeTarget;
			buildConfigurationList = C26F780924B47CE8006E9120 /* Build configuration list for PBXNativeTarget "MyCalculator" */;
			buildPhases = (
				12BF35456EE01D67143CABF0 /* [CP] Check Pods Manifest.lock */,
				C26F77F124B47CE5006E9120 /* Sources */,
				C26F77F224B47CE5006E9120 /* Frameworks */,
				C26F77F324B47CE5006E9120 /* Resources */,
				A7E657E7EB507229F82A2435 /* [CP] Embed Pods Frameworks */,
			);
			buildRules = (
			);
			dependencies = (
			);
			name = MyCalculator;
			productName = MyCalculator;
			productReference = C26F77F524B47CE5006E9120 /* MyCalculator.app */;
			productType = "com.apple.product-type.application";
		};
/* End PBXNativeTarget section */

/* Begin PBXProject section */
		C26F77ED24B47CE5006E9120 /* Project object */ = {
			isa = PBXProject;
			attributes = {
				LastSwiftUpdateCheck = 1110;
				LastUpgradeCheck = 1110;
				ORGANIZATIONNAME = "Balnur Sakhybekova";
				TargetAttributes = {
					C26F77F424B47CE5006E9120 = {
						CreatedOnToolsVersion = 11.1;
					};
				};
			};
			buildConfigurationList = C26F77F024B47CE5006E9120 /* Build configuration list for PBXProject "MyCalculator" */;
			compatibilityVersion = "Xcode 9.3";
			developmentRegion = en;
			hasScannedForEncodings = 0;
			knownRegions = (
				en,
				Base,
			);
			mainGroup = C26F77EC24B47CE5006E9120;
			productRefGroup = C26F77F624B47CE5006E9120 /* Products */;
			projectDirPath = "";
			projectRoot = "";
			targets = (
				C26F77F424B47CE5006E9120 /* MyCalculator */,
			);
		};
/* End PBXProject section */

/* Begin PBXResourcesBuildPhase section */
		C26F77F324B47CE5006E9120 /* Resources */ = {
			isa = PBXResourcesBuildPhase;
			buildActionMask = 2147483647;
			files = (
				C26F780524B47CE8006E9120 /* LaunchScreen.storyboard in Resources */,
				C26F780224B47CE8006E9120 /* Assets.xcassets in Resources */,
				C26F780024B47CE5006E9120 /* Main.storyboard in Resources */,
			);
			runOnlyForDeploymentPostprocessing = 0;
		};
/* End PBXResourcesBuildPhase section */

/* Begin PBXShellScriptBuildPhase section */
		12BF35456EE01D67143CABF0 /* [CP] Check Pods Manifest.lock */ = {
			isa = PBXShellScriptBuildPhase;
			buildActionMask = 2147483647;
			files = (
			);
			inputFileListPaths = (
			);
			inputPaths = (
				"${PODS_PODFILE_DIR_PATH}/Podfile.lock",
				"${PODS_ROOT}/Manifest.lock",
			);
			name = "[CP] Check Pods Manifest.lock";
			outputFileListPaths = (
			);
			outputPaths = (
				"$(DERIVED_FILE_DIR)/Pods-MyCalculator-checkManifestLockResult.txt",
			);
			runOnlyForDeploymentPostprocessing = 0;
			shellPath = /bin/sh;
			shellScript = "diff \"${PODS_PODFILE_DIR_PATH}/Podfile.lock\" \"${PODS_ROOT}/Manifest.lock\" > /dev/null\nif [ $? != 0 ] ; then\n    # print error to STDERR\n    echo \"error: The sandbox is not in sync with the Podfile.lock. Run 'pod install' or update your CocoaPods installation.\" >&2\n    exit 1\nfi\n# This output is used by Xcode 'outputs' to avoid re-running this script phase.\necho \"SUCCESS\" > \"${SCRIPT_OUTPUT_FILE_0}\"\n";
			showEnvVarsInLog = 0;
		};
		A7E657E7EB507229F82A2435 /* [CP] Embed Pods Frameworks */ = {
			isa = PBXShellScriptBuildPhase;
			buildActionMask = 2147483647;
			files = (
			);
			inputFileListPaths = (
				"${PODS_ROOT}/Target Support Files/Pods-MyCalculator/Pods-MyCalculator-frameworks-${CONFIGURATION}-input-files.xcfilelist",
			);
			name = "[CP] Embed Pods Frameworks";
			outputFileListPaths = (
				"${PODS_ROOT}/Target Support Files/Pods-MyCalculator/Pods-MyCalculator-frameworks-${CONFIGURATION}-output-files.xcfilelist",
			);
			runOnlyForDeploymentPostprocessing = 0;
			shellPath = /bin/sh;
			shellScript = "\"${PODS_ROOT}/Target Support Files/Pods-MyCalculator/Pods-MyCalculator-frameworks.sh\"\n";
			showEnvVarsInLog = 0;
		};
/* End PBXShellScriptBuildPhase section */

/* Begin PBXSourcesBuildPhase section */
		C26F77F124B47CE5006E9120 /* Sources */ = {
			isa = PBXSourcesBuildPhase;
			buildActionMask = 2147483647;
			files = (
				C26F77FD24B47CE5006E9120 /* ViewController.swift in Sources */,
				C26F77F924B47CE5006E9120 /* AppDelegate.swift in Sources */,
				C26F77FB24B47CE5006E9120 /* SceneDelegate.swift in Sources */,
				C26792B924B7374100F7AA87 /* HistoryViewController.swift in Sources */,
			);
			runOnlyForDeploymentPostprocessing = 0;
		};
/* End PBXSourcesBuildPhase section */

/* Begin PBXVariantGroup section */
		C26F77FE24B47CE5006E9120 /* Main.storyboard */ = {
			isa = PBXVariantGroup;
			children = (
				C26F77FF24B47CE5006E9120 /* Base */,
			);
			name = Main.storyboard;
			sourceTree = "<group>";
		};
		C26F780324B47CE8006E9120 /* LaunchScreen.storyboard */ = {
			isa = PBXVariantGroup;
			children = (
				C26F780424B47CE8006E9120 /* Base */,
			);
			name = LaunchScreen.storyboard;
			sourceTree = "<group>";
		};
/* End PBXVariantGroup section */

/* Begin XCBuildConfiguration section */
		C26F780724B47CE8006E9120 /* Debug */ = {
			isa = XCBuildConfiguration;
			buildSettings = {
				ALWAYS_SEARCH_USER_PATHS = NO;
				CLANG_ANALYZER_NONNULL = YES;
				CLANG_ANALYZER_NUMBER_OBJECT_CONVERSION = YES_AGGRESSIVE;
				CLANG_CXX_LANGUAGE_STANDARD = "gnu++14";
				CLANG_CXX_LIBRARY = "libc++";
				CLANG_ENABLE_MODULES = YES;
				CLANG_ENABLE_OBJC_ARC = YES;
				CLANG_ENABLE_OBJC_WEAK = YES;
				CLANG_WARN_BLOCK_CAPTURE_AUTORELEASING = YES;
				CLANG_WARN_BOOL_CONVERSION = YES;
				CLANG_WARN_COMMA = YES;
				CLANG_WARN_CONSTANT_CONVERSION = YES;
				CLANG_WARN_DEPRECATED_OBJC_IMPLEMENTATIONS = YES;
				CLANG_WARN_DIRECT_OBJC_ISA_USAGE = YES_ERROR;
				CLANG_WARN_DOCUMENTATION_COMMENTS = YES;
				CLANG_WARN_EMPTY_BODY = YES;
				CLANG_WARN_ENUM_CONVERSION = YES;
				CLANG_WARN_INFINITE_RECURSION = YES;
				CLANG_WARN_INT_CONVERSION = YES;
				CLANG_WARN_NON_LITERAL_NULL_CONVERSION = YES;
				CLANG_WARN_OBJC_IMPLICIT_RETAIN_SELF = YES;
				CLANG_WARN_OBJC_LITERAL_CONVERSION = YES;
				CLANG_WARN_OBJC_ROOT_CLASS = YES_ERROR;
				CLANG_WARN_RANGE_LOOP_ANALYSIS = YES;
				CLANG_WARN_STRICT_PROTOTYPES = YES;
				CLANG_WARN_SUSPICIOUS_MOVE = YES;
				CLANG_WARN_UNGUARDED_AVAILABILITY = YES_AGGRESSIVE;
				CLANG_WARN_UNREACHABLE_CODE = YES;
				CLANG_WARN__DUPLICATE_METHOD_MATCH = YES;
				COPY_PHASE_STRIP = NO;
				DEBUG_INFORMATION_FORMAT = dwarf;
				ENABLE_STRICT_OBJC_MSGSEND = YES;
				ENABLE_TESTABILITY = YES;
				GCC_C_LANGUAGE_STANDARD = gnu11;
				GCC_DYNAMIC_NO_PIC = NO;
				GCC_NO_COMMON_BLOCKS = YES;
				GCC_OPTIMIZATION_LEVEL = 0;
				GCC_PREPROCESSOR_DEFINITIONS = (
					"DEBUG=1",
					"$(inherited)",
				);
				GCC_WARN_64_TO_32_BIT_CONVERSION = YES;
				GCC_WARN_ABOUT_RETURN_TYPE = YES_ERROR;
				GCC_WARN_UNDECLARED_SELECTOR = YES;
				GCC_WARN_UNINITIALIZED_AUTOS = YES_AGGRESSIVE;
				GCC_WARN_UNUSED_FUNCTION = YES;
				GCC_WARN_UNUSED_VARIABLE = YES;
				IPHONEOS_DEPLOYMENT_TARGET = 13.1;
				MTL_ENABLE_DEBUG_INFO = INCLUDE_SOURCE;
				MTL_FAST_MATH = YES;
				ONLY_ACTIVE_ARCH = YES;
				SDKROOT = iphoneos;
				SWIFT_ACTIVE_COMPILATION_CONDITIONS = DEBUG;
				SWIFT_OPTIMIZATION_LEVEL = "-Onone";
			};
			name = Debug;
		};
		C26F780824B47CE8006E9120 /* Release */ = {
			isa = XCBuildConfiguration;
			buildSettings = {
				ALWAYS_SEARCH_USER_PATHS = NO;
				CLANG_ANALYZER_NONNULL = YES;
				CLANG_ANALYZER_NUMBER_OBJECT_CONVERSION = YES_AGGRESSIVE;
				CLANG_CXX_LANGUAGE_STANDARD = "gnu++14";
				CLANG_CXX_LIBRARY = "libc++";
				CLANG_ENABLE_MODULES = YES;
				CLANG_ENABLE_OBJC_ARC = YES;
				CLANG_ENABLE_OBJC_WEAK = YES;
				CLANG_WARN_BLOCK_CAPTURE_AUTORELEASING = YES;
				CLANG_WARN_BOOL_CONVERSION = YES;
				CLANG_WARN_COMMA = YES;
				CLANG_WARN_CONSTANT_CONVERSION = YES;
				CLANG_WARN_DEPRECATED_OBJC_IMPLEMENTATIONS = YES;
				CLANG_WARN_DIRECT_OBJC_ISA_USAGE = YES_ERROR;
				CLANG_WARN_DOCUMENTATION_COMMENTS = YES;
				CLANG_WARN_EMPTY_BODY = YES;
				CLANG_WARN_ENUM_CONVERSION = YES;
				CLANG_WARN_INFINITE_RECURSION = YES;
				CLANG_WARN_INT_CONVERSION = YES;
				CLANG_WARN_NON_LITERAL_NULL_CONVERSION = YES;
				CLANG_WARN_OBJC_IMPLICIT_RETAIN_SELF = YES;
				CLANG_WARN_OBJC_LITERAL_CONVERSION = YES;
				CLANG_WARN_OBJC_ROOT_CLASS = YES_ERROR;
				CLANG_WARN_RANGE_LOOP_ANALYSIS = YES;
				CLANG_WARN_STRICT_PROTOTYPES = YES;
				CLANG_WARN_SUSPICIOUS_MOVE = YES;
				CLANG_WARN_UNGUARDED_AVAILABILITY = YES_AGGRESSIVE;
				CLANG_WARN_UNREACHABLE_CODE = YES;
				CLANG_WARN__DUPLICATE_METHOD_MATCH = YES;
				COPY_PHASE_STRIP = NO;
				DEBUG_INFORMATION_FORMAT = "dwarf-with-dsym";
				ENABLE_NS_ASSERTIONS = NO;
				ENABLE_STRICT_OBJC_MSGSEND = YES;
				GCC_C_LANGUAGE_STANDARD = gnu11;
				GCC_NO_COMMON_BLOCKS = YES;
				GCC_WARN_64_TO_32_BIT_CONVERSION = YES;
				GCC_WARN_ABOUT_RETURN_TYPE = YES_ERROR;
				GCC_WARN_UNDECLARED_SELECTOR = YES;
				GCC_WARN_UNINITIALIZED_AUTOS = YES_AGGRESSIVE;
				GCC_WARN_UNUSED_FUNCTION = YES;
				GCC_WARN_UNUSED_VARIABLE = YES;
				IPHONEOS_DEPLOYMENT_TARGET = 13.1;
				MTL_ENABLE_DEBUG_INFO = NO;
				MTL_FAST_MATH = YES;
				SDKROOT = iphoneos;
				SWIFT_COMPILATION_MODE = wholemodule;
				SWIFT_OPTIMIZATION_LEVEL = "-O";
				VALIDATE_PRODUCT = YES;
			};
			name = Release;
		};
		C26F780A24B47CE8006E9120 /* Debug */ = {
			isa = XCBuildConfiguration;
			baseConfigurationReference = 76ED22BAFA998285A7AA1EB3 /* Pods-MyCalculator.debug.xcconfig */;
			buildSettings = {
				ASSETCATALOG_COMPILER_APPICON_NAME = AppIcon;
				CODE_SIGN_STYLE = Automatic;
				DEVELOPMENT_TEAM = 3F2D5Y7577;
				INFOPLIST_FILE = MyCalculator/Info.plist;
				LD_RUNPATH_SEARCH_PATHS = (
					"$(inherited)",
					"@executable_path/Frameworks",
				);
				PRODUCT_BUNDLE_IDENTIFIER = kbtu.MyCalculator;
				PRODUCT_NAME = "$(TARGET_NAME)";
				SWIFT_VERSION = 5.0;
				TARGETED_DEVICE_FAMILY = 1;
			};
			name = Debug;
		};
		C26F780B24B47CE8006E9120 /* Release */ = {
			isa = XCBuildConfiguration;
			baseConfigurationReference = 7D73D8E52900AD18A0F78A57 /* Pods-MyCalculator.release.xcconfig */;
			buildSettings = {
				ASSETCATALOG_COMPILER_APPICON_NAME = AppIcon;
				CODE_SIGN_STYLE = Automatic;
				DEVELOPMENT_TEAM = 3F2D5Y7577;
				INFOPLIST_FILE = MyCalculator/Info.plist;
				LD_RUNPATH_SEARCH_PATHS = (
					"$(inherited)",
					"@executable_path/Frameworks",
				);
				PRODUCT_BUNDLE_IDENTIFIER = kbtu.MyCalculator;
				PRODUCT_NAME = "$(TARGET_NAME)";
				SWIFT_VERSION = 5.0;
				TARGETED_DEVICE_FAMILY = 1;
			};
			name = Release;
		};
/* End XCBuildConfiguration section */

/* Begin XCConfigurationList section */
		C26F77F024B47CE5006E9120 /* Build configuration list for PBXProject "MyCalculator" */ = {
			isa = XCConfigurationList;
			buildConfigurations = (
				C26F780724B47CE8006E9120 /* Debug */,
				C26F780824B47CE8006E9120 /* Release */,
			);
			defaultConfigurationIsVisible = 0;
			defaultConfigurationName = Release;
		};
		C26F780924B47CE8006E9120 /* Build configuration list for PBXNativeTarget "MyCalculator" */ = {
			isa = XCConfigurationList;
			buildConfigurations = (
				C26F780A24B47CE8006E9120 /* Debug */,
				C26F780B24B47CE8006E9120 /* Release */,
			);
			defaultConfigurationIsVisible = 0;
			defaultConfigurationName = Release;
		};
/* End XCConfigurationList section */
	};
	rootObject = C26F77ED24B47CE5006E9120 /* Project object */;
}
